<?xml version="1.0" encoding="utf-8"?>
<Project ToolsVersion="4.0" xmlns="http://schemas.microsoft.com/developer/msbuild/2003">
  <ItemGroup>
    <ClCompile Include="main.cpp" />
    <ClCompile Include="window.ixx">
      <Filter>graphics</Filter>
    </ClCompile>
    <ClCompile Include="buffer.ixx">
      <Filter>graphics</Filter>
    </ClCompile>
    <ClCompile Include="texture.ixx">
      <Filter>graphics</Filter>
    </ClCompile>
    <ClCompile Include="util.cpp">
      <Filter>graphics</Filter>
    </ClCompile>
    <ClCompile Include="shader.ixx">
      <Filter>graphics</Filter>
    </ClCompile>
    <ClCompile Include="engine.ixx">
      <Filter>engine</Filter>
    </ClCompile>
    <ClCompile Include="pass.ixx">
      <Filter>graphics</Filter>
    </ClCompile>
    <ClCompile Include="fullscreenquad.ixx">
      <Filter>passes</Filter>
    </ClCompile>
    <ClCompile Include="pathtracing.ixx">
      <Filter>passes</Filter>
    </ClCompile>
    <ClCompile Include="transforms.ixx">
      <Filter>engine</Filter>
    </ClCompile>
  </ItemGroup>
  <ItemGroup>
    <None Include="vcpkg.json" />
  </ItemGroup>
  <ItemGroup>
    <Filter Include="graphics">
      <UniqueIdentifier>{6ca4d018-6d75-4db0-994e-1282203fab0b}</UniqueIdentifier>
    </Filter>
    <Filter Include="engine">
      <UniqueIdentifier>{0e9edcc3-9aa4-4dc2-abf8-5750069a7773}</UniqueIdentifier>
    </Filter>
    <Filter Include="passes">
      <UniqueIdentifier>{d37b7287-0f0f-4134-80a5-906270998550}</UniqueIdentifier>
    </Filter>
  </ItemGroup>
</Project>