<?xml version="1.0" encoding="utf-8"?>
<Project ToolsVersion="4.0" xmlns="http://schemas.microsoft.com/developer/msbuild/2003">
  <ItemGroup>
    <ClCompile Include="main.cpp" />
    <ClCompile Include="engine.ixx">
      <Filter>graphics</Filter>
    </ClCompile>
    <ClCompile Include="window.ixx">
      <Filter>graphics</Filter>
    </ClCompile>
  </ItemGroup>
  <ItemGroup>
    <None Include="vcpkg.json" />
  </ItemGroup>
  <ItemGroup>
    <Filter Include="graphics">
      <UniqueIdentifier>{6ca4d018-6d75-4db0-994e-1282203fab0b}</UniqueIdentifier>
    </Filter>
  </ItemGroup>
</Project>